
Microsoft Visual Studio Solution File, Format Version 12.00
# Visual Studio Version 17
VisualStudioVersion = 17.2.32526.322
MinimumVisualStudioVersion = 10.0.40219.1
Project("{FAE04EC0-301F-11D3-BF4B-00C04F79EFBC}") = "LoopbackManager.UI", "src\LoopbackManager.UI\LoopbackManager.UI.csproj", "{857A6D62-2862-48DF-B26A-EB5206C5CCD0}"
EndProject
Project("{FAE04EC0-301F-11D3-BF4B-00C04F79EFBC}") = "Richasy.WinUI.Share", "src\WinUI.Share\src\Richasy.WinUI.Share.csproj", "{338387A5-DB11-4F0D-B483-35150B386FEF}"
EndProject
Project("{FAE04EC0-301F-11D3-BF4B-00C04F79EFBC}") = "LoopbackManager.Models", "src\LoopbackManager.Models\LoopbackManager.Models.csproj", "{DE181807-3426-4A84-A21A-07A18C593DB8}"
EndProject
Project("{FAE04EC0-301F-11D3-BF4B-00C04F79EFBC}") = "LoopbackManager.ResourceGenerator", "src\LoopbackManager.ResourceGenerator\LoopbackManager.ResourceGenerator.csproj", "{F93A995A-C4D4-4605-B35C-3850BDB76B25}"
EndProject
Global
	GlobalSection(SolutionConfigurationPlatforms) = preSolution
		Debug|arm64 = Debug|arm64
		Debug|x64 = Debug|x64
		Debug|x86 = Debug|x86
		Release|arm64 = Release|arm64
		Release|x64 = Release|x64
		Release|x86 = Release|x86
	EndGlobalSection
	GlobalSection(ProjectConfigurationPlatforms) = postSolution
		{857A6D62-2862-48DF-B26A-EB5206C5CCD0}.Debug|arm64.ActiveCfg = Debug|ARM64
		{857A6D62-2862-48DF-B26A-EB5206C5CCD0}.Debug|arm64.Build.0 = Debug|ARM64
		{857A6D62-2862-48DF-B26A-EB5206C5CCD0}.Debug|arm64.Deploy.0 = Debug|ARM64
		{857A6D62-2862-48DF-B26A-EB5206C5CCD0}.Debug|x64.ActiveCfg = Debug|x64
		{857A6D62-2862-48DF-B26A-EB5206C5CCD0}.Debug|x64.Build.0 = Debug|x64
		{857A6D62-2862-48DF-B26A-EB5206C5CCD0}.Debug|x64.Deploy.0 = Debug|x64
		{857A6D62-2862-48DF-B26A-EB5206C5CCD0}.Debug|x86.ActiveCfg = Debug|x86
		{857A6D62-2862-48DF-B26A-EB5206C5CCD0}.Debug|x86.Build.0 = Debug|x86
		{857A6D62-2862-48DF-B26A-EB5206C5CCD0}.Debug|x86.Deploy.0 = Debug|x86
		{857A6D62-2862-48DF-B26A-EB5206C5CCD0}.Release|arm64.ActiveCfg = Release|ARM64
		{857A6D62-2862-48DF-B26A-EB5206C5CCD0}.Release|arm64.Build.0 = Release|ARM64
		{857A6D62-2862-48DF-B26A-EB5206C5CCD0}.Release|arm64.Deploy.0 = Release|ARM64
		{857A6D62-2862-48DF-B26A-EB5206C5CCD0}.Release|x64.ActiveCfg = Release|x64
		{857A6D62-2862-48DF-B26A-EB5206C5CCD0}.Release|x64.Build.0 = Release|x64
		{857A6D62-2862-48DF-B26A-EB5206C5CCD0}.Release|x64.Deploy.0 = Release|x64
		{857A6D62-2862-48DF-B26A-EB5206C5CCD0}.Release|x86.ActiveCfg = Release|x86
		{857A6D62-2862-48DF-B26A-EB5206C5CCD0}.Release|x86.Build.0 = Release|x86
		{857A6D62-2862-48DF-B26A-EB5206C5CCD0}.Release|x86.Deploy.0 = Release|x86
		{338387A5-DB11-4F0D-B483-35150B386FEF}.Debug|arm64.ActiveCfg = Debug|ARM64
		{338387A5-DB11-4F0D-B483-35150B386FEF}.Debug|arm64.Build.0 = Debug|ARM64
		{338387A5-DB11-4F0D-B483-35150B386FEF}.Debug|x64.ActiveCfg = Debug|x64
		{338387A5-DB11-4F0D-B483-35150B386FEF}.Debug|x64.Build.0 = Debug|x64
		{338387A5-DB11-4F0D-B483-35150B386FEF}.Debug|x86.ActiveCfg = Debug|x86
		{338387A5-DB11-4F0D-B483-35150B386FEF}.Debug|x86.Build.0 = Debug|x86
		{338387A5-DB11-4F0D-B483-35150B386FEF}.Release|arm64.ActiveCfg = Release|ARM64
		{338387A5-DB11-4F0D-B483-35150B386FEF}.Release|arm64.Build.0 = Release|ARM64
		{338387A5-DB11-4F0D-B483-35150B386FEF}.Release|x64.ActiveCfg = Release|x64
		{338387A5-DB11-4F0D-B483-35150B386FEF}.Release|x64.Build.0 = Release|x64
		{338387A5-DB11-4F0D-B483-35150B386FEF}.Release|x86.ActiveCfg = Release|x86
		{338387A5-DB11-4F0D-B483-35150B386FEF}.Release|x86.Build.0 = Release|x86
		{DE181807-3426-4A84-A21A-07A18C593DB8}.Debug|arm64.ActiveCfg = Debug|Any CPU
		{DE181807-3426-4A84-A21A-07A18C593DB8}.Debug|arm64.Build.0 = Debug|Any CPU
		{DE181807-3426-4A84-A21A-07A18C593DB8}.Debug|x64.ActiveCfg = Debug|Any CPU
		{DE181807-3426-4A84-A21A-07A18C593DB8}.Debug|x64.Build.0 = Debug|Any CPU
		{DE181807-3426-4A84-A21A-07A18C593DB8}.Debug|x86.ActiveCfg = Debug|Any CPU
		{DE181807-3426-4A84-A21A-07A18C593DB8}.Debug|x86.Build.0 = Debug|Any CPU
		{DE181807-3426-4A84-A21A-07A18C593DB8}.Release|arm64.ActiveCfg = Release|Any CPU
		{DE181807-3426-4A84-A21A-07A18C593DB8}.Release|arm64.Build.0 = Release|Any CPU
		{DE181807-3426-4A84-A21A-07A18C593DB8}.Release|x64.ActiveCfg = Release|Any CPU
		{DE181807-3426-4A84-A21A-07A18C593DB8}.Release|x64.Build.0 = Release|Any CPU
		{DE181807-3426-4A84-A21A-07A18C593DB8}.Release|x86.ActiveCfg = Release|Any CPU
		{DE181807-3426-4A84-A21A-07A18C593DB8}.Release|x86.Build.0 = Release|Any CPU
		{F93A995A-C4D4-4605-B35C-3850BDB76B25}.Debug|arm64.ActiveCfg = Debug|Any CPU
		{F93A995A-C4D4-4605-B35C-3850BDB76B25}.Debug|arm64.Build.0 = Debug|Any CPU
		{F93A995A-C4D4-4605-B35C-3850BDB76B25}.Debug|x64.ActiveCfg = Debug|Any CPU
		{F93A995A-C4D4-4605-B35C-3850BDB76B25}.Debug|x64.Build.0 = Debug|Any CPU
		{F93A995A-C4D4-4605-B35C-3850BDB76B25}.Debug|x86.ActiveCfg = Debug|Any CPU
		{F93A995A-C4D4-4605-B35C-3850BDB76B25}.Debug|x86.Build.0 = Debug|Any CPU
		{F93A995A-C4D4-4605-B35C-3850BDB76B25}.Release|arm64.ActiveCfg = Release|Any CPU
		{F93A995A-C4D4-4605-B35C-3850BDB76B25}.Release|arm64.Build.0 = Release|Any CPU
		{F93A995A-C4D4-4605-B35C-3850BDB76B25}.Release|x64.ActiveCfg = Release|Any CPU
		{F93A995A-C4D4-4605-B35C-3850BDB76B25}.Release|x64.Build.0 = Release|Any CPU
		{F93A995A-C4D4-4605-B35C-3850BDB76B25}.Release|x86.ActiveCfg = Release|Any CPU
		{F93A995A-C4D4-4605-B35C-3850BDB76B25}.Release|x86.Build.0 = Release|Any CPU
	EndGlobalSection
	GlobalSection(SolutionProperties) = preSolution
		HideSolutionNode = FALSE
	EndGlobalSection
	GlobalSection(ExtensibilityGlobals) = postSolution
		SolutionGuid = {F9713457-4087-4717-BF63-AE69F8A8B308}
	EndGlobalSection
EndGlobal
