
Microsoft Visual Studio Solution File, Format Version 12.00
# Visual Studio Version 17
VisualStudioVersion = 17.0.31903.59
MinimumVisualStudioVersion = 10.0.40219.1
Project("{2150E333-8FDC-42A3-9474-1A3956D46DE8}") = "src", "src", "{827E0CD3-B72D-47B6-A68D-7590B98EB39B}"
EndProject
Project("{FAE04EC0-301F-11D3-BF4B-00C04F79EFBC}") = "LoopbackManager.Shell", "src\LoopbackManager.Shell\LoopbackManager.Shell.csproj", "{6F08CCBC-EC1E-4DE0-976A-524DED873631}"
EndProject
Project("{2150E333-8FDC-42A3-9474-1A3956D46DE8}") = "tests", "tests", "{0AB3BF05-4346-4AA6-1389-037BE0695223}"
EndProject
Project("{FAE04EC0-301F-11D3-BF4B-00C04F79EFBC}") = "LoopbackManager.Shell.Tests", "tests\LoopbackManager.Shell.Tests\LoopbackManager.Shell.Tests.csproj", "{48EC4DC2-64F2-4582-8822-A0FB6A0AE164}"
EndProject
Global
	GlobalSection(SolutionConfigurationPlatforms) = preSolution
		Debug|Any CPU = Debug|Any CPU
		Release|Any CPU = Release|Any CPU
	EndGlobalSection
	GlobalSection(ProjectConfigurationPlatforms) = postSolution
		{6F08CCBC-EC1E-4DE0-976A-524DED873631}.Debug|Any CPU.ActiveCfg = Debug|Any CPU
		{6F08CCBC-EC1E-4DE0-976A-524DED873631}.Debug|Any CPU.Build.0 = Debug|Any CPU
		{6F08CCBC-EC1E-4DE0-976A-524DED873631}.Release|Any CPU.ActiveCfg = Release|Any CPU
		{6F08CCBC-EC1E-4DE0-976A-524DED873631}.Release|Any CPU.Build.0 = Release|Any CPU
		{48EC4DC2-64F2-4582-8822-A0FB6A0AE164}.Debug|Any CPU.ActiveCfg = Debug|Any CPU
		{48EC4DC2-64F2-4582-8822-A0FB6A0AE164}.Debug|Any CPU.Build.0 = Debug|Any CPU
		{48EC4DC2-64F2-4582-8822-A0FB6A0AE164}.Release|Any CPU.ActiveCfg = Release|Any CPU
		{48EC4DC2-64F2-4582-8822-A0FB6A0AE164}.Release|Any CPU.Build.0 = Release|Any CPU
	EndGlobalSection
	GlobalSection(SolutionProperties) = preSolution
		HideSolutionNode = FALSE
	EndGlobalSection
	GlobalSection(NestedProjects) = preSolution
		{6F08CCBC-EC1E-4DE0-976A-524DED873631} = {827E0CD3-B72D-47B6-A68D-7590B98EB39B}
		{48EC4DC2-64F2-4582-8822-A0FB6A0AE164} = {0AB3BF05-4346-4AA6-1389-037BE0695223}
	EndGlobalSection
EndGlobal
